# Auto-generated by loft — do not edit by hand.
# Run `loft install` to update.
schema_version = 1

[[package]]
name = "mesh3d"
version = "0.1.1"
url = "https://github.com/loft-lang/loft-libs-assets/releases/download/mesh3d-v0.1.1/mesh3d-0.1.1.tar.gz"
sha256 = "de8fdb1fedea6521d90634bc40b4acab2c1bb965010d766a177e40b1e8e66cfd"
source = "registry"
